// !$*UTF8*$!
{
	archiveVersion = 1;
	classes = {
	};
	objectVersion = 48;
	objects = {

/* Begin PBXBuildFile section */
		F3481E59203B04FA00B68183 /* AppDelegate.swift in Sources */ = {isa = PBXBuildFile; fileRef = F3481E58203B04FA00B68183 /* AppDelegate.swift */; };
		F3481E5E203B04FA00B68183 /* Main.storyboard in Resources */ = {isa = PBXBuildFile; fileRef = F3481E5C203B04FA00B68183 /* Main.storyboard */; };
		F3481E61203B04FA00B68183 /* StudioStory.xcdatamodeld in Sources */ = {isa = PBXBuildFile; fileRef = F3481E5F203B04FA00B68183 /* StudioStory.xcdatamodeld */; };
		F3481E63203B04FA00B68183 /* Assets.xcassets in Resources */ = {isa = PBXBuildFile; fileRef = F3481E62203B04FA00B68183 /* Assets.xcassets */; };
		F3481E66203B04FA00B68183 /* LaunchScreen.storyboard in Resources */ = {isa = PBXBuildFile; fileRef = F3481E64203B04FA00B68183 /* LaunchScreen.storyboard */; };
		F3481E71203B04FA00B68183 /* StudioStoryTests.swift in Sources */ = {isa = PBXBuildFile; fileRef = F3481E70203B04FA00B68183 /* StudioStoryTests.swift */; };
		F3481E7C203B04FA00B68183 /* StudioStoryUITests.swift in Sources */ = {isa = PBXBuildFile; fileRef = F3481E7B203B04FA00B68183 /* StudioStoryUITests.swift */; };
		F3481E8A203B0A2F00B68183 /* PhotoStoryCell.swift in Sources */ = {isa = PBXBuildFile; fileRef = F3481E89203B0A2F00B68183 /* PhotoStoryCell.swift */; };
		F3481E8C203B0DD400B68183 /* PhotosPicker.swift in Sources */ = {isa = PBXBuildFile; fileRef = F3481E8B203B0DD400B68183 /* PhotosPicker.swift */; };
		F3481E8E203C56BB00B68183 /* PhotoPageViewController.swift in Sources */ = {isa = PBXBuildFile; fileRef = F3481E8D203C56BA00B68183 /* PhotoPageViewController.swift */; };
		F3481E90203C5C1900B68183 /* PhotoViewController.swift in Sources */ = {isa = PBXBuildFile; fileRef = F3481E8F203C5C1900B68183 /* PhotoViewController.swift */; };
		F3481E92203C5C5600B68183 /* PhotoGalleryViewController.swift in Sources */ = {isa = PBXBuildFile; fileRef = F3481E91203C5C5600B68183 /* PhotoGalleryViewController.swift */; };
		F365DC982044410E003CA1C0 /* PhotoStoryLayout.swift in Sources */ = {isa = PBXBuildFile; fileRef = F365DC972044410E003CA1C0 /* PhotoStoryLayout.swift */; };
		F38CCE662046FE9800200F33 /* EmptyGroupCell.swift in Sources */ = {isa = PBXBuildFile; fileRef = F38CCE652046FE9800200F33 /* EmptyGroupCell.swift */; };
		F38CCE682047039D00200F33 /* Group.swift in Sources */ = {isa = PBXBuildFile; fileRef = F38CCE672047039D00200F33 /* Group.swift */; };
		F38CCE6B2047046200200F33 /* PhotoStory.swift in Sources */ = {isa = PBXBuildFile; fileRef = F38CCE6A2047046200200F33 /* PhotoStory.swift */; };
		F38CCE6D20480EDB00200F33 /* GroupPreviewFlowLayout.swift in Sources */ = {isa = PBXBuildFile; fileRef = F38CCE6C20480EDB00200F33 /* GroupPreviewFlowLayout.swift */; };
		F3AE53BF203F18DD007FE50D /* GroupsPreviewViewController.swift in Sources */ = {isa = PBXBuildFile; fileRef = F3AE53BE203F18DD007FE50D /* GroupsPreviewViewController.swift */; };
		F3AE53C1203F1DAA007FE50D /* GroupPreviewCell.swift in Sources */ = {isa = PBXBuildFile; fileRef = F3AE53C0203F1DAA007FE50D /* GroupPreviewCell.swift */; };
/* End PBXBuildFile section */

/* Begin PBXContainerItemProxy section */
		F3481E6D203B04FA00B68183 /* PBXContainerItemProxy */ = {
			isa = PBXContainerItemProxy;
			containerPortal = F3481E4D203B04FA00B68183 /* Project object */;
			proxyType = 1;
			remoteGlobalIDString = F3481E54203B04FA00B68183;
			remoteInfo = StudioStory;
		};
		F3481E78203B04FA00B68183 /* PBXContainerItemProxy */ = {
			isa = PBXContainerItemProxy;
			containerPortal = F3481E4D203B04FA00B68183 /* Project object */;
			proxyType = 1;
			remoteGlobalIDString = F3481E54203B04FA00B68183;
			remoteInfo = StudioStory;
		};
/* End PBXContainerItemProxy section */

/* Begin PBXFileReference section */
		F3481E55203B04FA00B68183 /* StudioStory.app */ = {isa = PBXFileReference; explicitFileType = wrapper.application; includeInIndex = 0; path = StudioStory.app; sourceTree = BUILT_PRODUCTS_DIR; };
		F3481E58203B04FA00B68183 /* AppDelegate.swift */ = {isa = PBXFileReference; lastKnownFileType = sourcecode.swift; path = AppDelegate.swift; sourceTree = "<group>"; };
		F3481E5D203B04FA00B68183 /* Base */ = {isa = PBXFileReference; lastKnownFileType = file.storyboard; name = Base; path = Base.lproj/Main.storyboard; sourceTree = "<group>"; };
		F3481E60203B04FA00B68183 /* StudioStory.xcdatamodel */ = {isa = PBXFileReference; lastKnownFileType = wrapper.xcdatamodel; path = StudioStory.xcdatamodel; sourceTree = "<group>"; };
		F3481E62203B04FA00B68183 /* Assets.xcassets */ = {isa = PBXFileReference; lastKnownFileType = folder.assetcatalog; path = Assets.xcassets; sourceTree = "<group>"; };
		F3481E65203B04FA00B68183 /* Base */ = {isa = PBXFileReference; lastKnownFileType = file.storyboard; name = Base; path = Base.lproj/LaunchScreen.storyboard; sourceTree = "<group>"; };
		F3481E67203B04FA00B68183 /* Info.plist */ = {isa = PBXFileReference; lastKnownFileType = text.plist.xml; path = Info.plist; sourceTree = "<group>"; };
		F3481E6C203B04FA00B68183 /* StudioStoryTests.xctest */ = {isa = PBXFileReference; explicitFileType = wrapper.cfbundle; includeInIndex = 0; path = StudioStoryTests.xctest; sourceTree = BUILT_PRODUCTS_DIR; };
		F3481E70203B04FA00B68183 /* StudioStoryTests.swift */ = {isa = PBXFileReference; lastKnownFileType = sourcecode.swift; path = StudioStoryTests.swift; sourceTree = "<group>"; };
		F3481E72203B04FA00B68183 /* Info.plist */ = {isa = PBXFileReference; lastKnownFileType = text.plist.xml; path = Info.plist; sourceTree = "<group>"; };
		F3481E77203B04FA00B68183 /* StudioStoryUITests.xctest */ = {isa = PBXFileReference; explicitFileType = wrapper.cfbundle; includeInIndex = 0; path = StudioStoryUITests.xctest; sourceTree = BUILT_PRODUCTS_DIR; };
		F3481E7B203B04FA00B68183 /* StudioStoryUITests.swift */ = {isa = PBXFileReference; lastKnownFileType = sourcecode.swift; path = StudioStoryUITests.swift; sourceTree = "<group>"; };
		F3481E7D203B04FA00B68183 /* Info.plist */ = {isa = PBXFileReference; lastKnownFileType = text.plist.xml; path = Info.plist; sourceTree = "<group>"; };
		F3481E89203B0A2F00B68183 /* PhotoStoryCell.swift */ = {isa = PBXFileReference; lastKnownFileType = sourcecode.swift; path = PhotoStoryCell.swift; sourceTree = "<group>"; };
		F3481E8B203B0DD400B68183 /* PhotosPicker.swift */ = {isa = PBXFileReference; lastKnownFileType = sourcecode.swift; path = PhotosPicker.swift; sourceTree = "<group>"; };
		F3481E8D203C56BA00B68183 /* PhotoPageViewController.swift */ = {isa = PBXFileReference; lastKnownFileType = sourcecode.swift; path = PhotoPageViewController.swift; sourceTree = "<group>"; };
		F3481E8F203C5C1900B68183 /* PhotoViewController.swift */ = {isa = PBXFileReference; lastKnownFileType = sourcecode.swift; path = PhotoViewController.swift; sourceTree = "<group>"; };
		F3481E91203C5C5600B68183 /* PhotoGalleryViewController.swift */ = {isa = PBXFileReference; lastKnownFileType = sourcecode.swift; path = PhotoGalleryViewController.swift; sourceTree = "<group>"; };
		F365DC972044410E003CA1C0 /* PhotoStoryLayout.swift */ = {isa = PBXFileReference; lastKnownFileType = sourcecode.swift; path = PhotoStoryLayout.swift; sourceTree = "<group>"; };
		F38CCE652046FE9800200F33 /* EmptyGroupCell.swift */ = {isa = PBXFileReference; lastKnownFileType = sourcecode.swift; path = EmptyGroupCell.swift; sourceTree = "<group>"; };
		F38CCE672047039D00200F33 /* Group.swift */ = {isa = PBXFileReference; lastKnownFileType = sourcecode.swift; path = Group.swift; sourceTree = "<group>"; };
		F38CCE6A2047046200200F33 /* PhotoStory.swift */ = {isa = PBXFileReference; lastKnownFileType = sourcecode.swift; path = PhotoStory.swift; sourceTree = "<group>"; };
		F38CCE6C20480EDB00200F33 /* GroupPreviewFlowLayout.swift */ = {isa = PBXFileReference; lastKnownFileType = sourcecode.swift; path = GroupPreviewFlowLayout.swift; sourceTree = "<group>"; };
		F3AE53BE203F18DD007FE50D /* GroupsPreviewViewController.swift */ = {isa = PBXFileReference; lastKnownFileType = sourcecode.swift; path = GroupsPreviewViewController.swift; sourceTree = "<group>"; };
		F3AE53C0203F1DAA007FE50D /* GroupPreviewCell.swift */ = {isa = PBXFileReference; lastKnownFileType = sourcecode.swift; path = GroupPreviewCell.swift; sourceTree = "<group>"; };
/* End PBXFileReference section */

/* Begin PBXFrameworksBuildPhase section */
		F3481E52203B04FA00B68183 /* Frameworks */ = {
			isa = PBXFrameworksBuildPhase;
			buildActionMask = 2147483647;
			files = (
			);
			runOnlyForDeploymentPostprocessing = 0;
		};
		F3481E69203B04FA00B68183 /* Frameworks */ = {
			isa = PBXFrameworksBuildPhase;
			buildActionMask = 2147483647;
			files = (
			);
			runOnlyForDeploymentPostprocessing = 0;
		};
		F3481E74203B04FA00B68183 /* Frameworks */ = {
			isa = PBXFrameworksBuildPhase;
			buildActionMask = 2147483647;
			files = (
			);
			runOnlyForDeploymentPostprocessing = 0;
		};
/* End PBXFrameworksBuildPhase section */

/* Begin PBXGroup section */
		F3481E4C203B04FA00B68183 = {
			isa = PBXGroup;
			children = (
				F3481E57203B04FA00B68183 /* StudioStory */,
				F3481E6F203B04FA00B68183 /* StudioStoryTests */,
				F3481E7A203B04FA00B68183 /* StudioStoryUITests */,
				F3481E56203B04FA00B68183 /* Products */,
			);
			sourceTree = "<group>";
		};
		F3481E56203B04FA00B68183 /* Products */ = {
			isa = PBXGroup;
			children = (
				F3481E55203B04FA00B68183 /* StudioStory.app */,
				F3481E6C203B04FA00B68183 /* StudioStoryTests.xctest */,
				F3481E77203B04FA00B68183 /* StudioStoryUITests.xctest */,
			);
			name = Products;
			sourceTree = "<group>";
		};
		F3481E57203B04FA00B68183 /* StudioStory */ = {
			isa = PBXGroup;
			children = (
				F3481E58203B04FA00B68183 /* AppDelegate.swift */,
				F3481E5C203B04FA00B68183 /* Main.storyboard */,
				F3481E8B203B0DD400B68183 /* PhotosPicker.swift */,
				F38CCE692047044500200F33 /* Models */,
				F3E2250C20406AA8007DB05C /* Cells */,
				F3E2250B20406A91007DB05C /* ViewController */,
				F3481E62203B04FA00B68183 /* Assets.xcassets */,
				F3481E64203B04FA00B68183 /* LaunchScreen.storyboard */,
				F3481E67203B04FA00B68183 /* Info.plist */,
				F3481E5F203B04FA00B68183 /* StudioStory.xcdatamodeld */,
			);
			path = StudioStory;
			sourceTree = "<group>";
		};
		F3481E6F203B04FA00B68183 /* StudioStoryTests */ = {
			isa = PBXGroup;
			children = (
				F3481E70203B04FA00B68183 /* StudioStoryTests.swift */,
				F3481E72203B04FA00B68183 /* Info.plist */,
			);
			path = StudioStoryTests;
			sourceTree = "<group>";
		};
		F3481E7A203B04FA00B68183 /* StudioStoryUITests */ = {
			isa = PBXGroup;
			children = (
				F3481E7B203B04FA00B68183 /* StudioStoryUITests.swift */,
				F3481E7D203B04FA00B68183 /* Info.plist */,
			);
			path = StudioStoryUITests;
			sourceTree = "<group>";
		};
		F38CCE692047044500200F33 /* Models */ = {
			isa = PBXGroup;
			children = (
				F38CCE672047039D00200F33 /* Group.swift */,
				F38CCE6A2047046200200F33 /* PhotoStory.swift */,
			);
			path = Models;
			sourceTree = "<group>";
		};
		F3E2250B20406A91007DB05C /* ViewController */ = {
			isa = PBXGroup;
			children = (
				F365DC972044410E003CA1C0 /* PhotoStoryLayout.swift */,
				F3AE53BE203F18DD007FE50D /* GroupsPreviewViewController.swift */,
				F3481E8F203C5C1900B68183 /* PhotoViewController.swift */,
				F3481E91203C5C5600B68183 /* PhotoGalleryViewController.swift */,
				F38CCE6C20480EDB00200F33 /* GroupPreviewFlowLayout.swift */,
				F3481E8D203C56BA00B68183 /* PhotoPageViewController.swift */,
			);
			path = ViewController;
			sourceTree = "<group>";
		};
		F3E2250C20406AA8007DB05C /* Cells */ = {
			isa = PBXGroup;
			children = (
				F3481E89203B0A2F00B68183 /* PhotoStoryCell.swift */,
				F3AE53C0203F1DAA007FE50D /* GroupPreviewCell.swift */,
				F38CCE652046FE9800200F33 /* EmptyGroupCell.swift */,
			);
			path = Cells;
			sourceTree = "<group>";
		};
/* End PBXGroup section */

/* Begin PBXNativeTarget section */
		F3481E54203B04FA00B68183 /* StudioStory */ = {
			isa = PBXNativeTarget;
			buildConfigurationList = F3481E80203B04FA00B68183 /* Build configuration list for PBXNativeTarget "StudioStory" */;
			buildPhases = (
				F3481E51203B04FA00B68183 /* Sources */,
				F3481E52203B04FA00B68183 /* Frameworks */,
				F3481E53203B04FA00B68183 /* Resources */,
			);
			buildRules = (
			);
			dependencies = (
			);
			name = StudioStory;
			productName = StudioStory;
			productReference = F3481E55203B04FA00B68183 /* StudioStory.app */;
			productType = "com.apple.product-type.application";
		};
		F3481E6B203B04FA00B68183 /* StudioStoryTests */ = {
			isa = PBXNativeTarget;
			buildConfigurationList = F3481E83203B04FA00B68183 /* Build configuration list for PBXNativeTarget "StudioStoryTests" */;
			buildPhases = (
				F3481E68203B04FA00B68183 /* Sources */,
				F3481E69203B04FA00B68183 /* Frameworks */,
				F3481E6A203B04FA00B68183 /* Resources */,
			);
			buildRules = (
			);
			dependencies = (
				F3481E6E203B04FA00B68183 /* PBXTargetDependency */,
			);
			name = StudioStoryTests;
			productName = StudioStoryTests;
			productReference = F3481E6C203B04FA00B68183 /* StudioStoryTests.xctest */;
			productType = "com.apple.product-type.bundle.unit-test";
		};
		F3481E76203B04FA00B68183 /* StudioStoryUITests */ = {
			isa = PBXNativeTarget;
			buildConfigurationList = F3481E86203B04FA00B68183 /* Build configuration list for PBXNativeTarget "StudioStoryUITests" */;
			buildPhases = (
				F3481E73203B04FA00B68183 /* Sources */,
				F3481E74203B04FA00B68183 /* Frameworks */,
				F3481E75203B04FA00B68183 /* Resources */,
			);
			buildRules = (
			);
			dependencies = (
				F3481E79203B04FA00B68183 /* PBXTargetDependency */,
			);
			name = StudioStoryUITests;
			productName = StudioStoryUITests;
			productReference = F3481E77203B04FA00B68183 /* StudioStoryUITests.xctest */;
			productType = "com.apple.product-type.bundle.ui-testing";
		};
/* End PBXNativeTarget section */

/* Begin PBXProject section */
		F3481E4D203B04FA00B68183 /* Project object */ = {
			isa = PBXProject;
			attributes = {
				LastSwiftUpdateCheck = 0910;
				LastUpgradeCheck = 0910;
				ORGANIZATIONNAME = "Shanshan Zhao";
				TargetAttributes = {
					F3481E54203B04FA00B68183 = {
						CreatedOnToolsVersion = 9.1;
						ProvisioningStyle = Automatic;
					};
					F3481E6B203B04FA00B68183 = {
						CreatedOnToolsVersion = 9.1;
						ProvisioningStyle = Automatic;
						TestTargetID = F3481E54203B04FA00B68183;
					};
					F3481E76203B04FA00B68183 = {
						CreatedOnToolsVersion = 9.1;
						ProvisioningStyle = Automatic;
						TestTargetID = F3481E54203B04FA00B68183;
					};
				};
			};
			buildConfigurationList = F3481E50203B04FA00B68183 /* Build configuration list for PBXProject "StudioStory" */;
			compatibilityVersion = "Xcode 8.0";
			developmentRegion = en;
			hasScannedForEncodings = 0;
			knownRegions = (
				en,
				Base,
			);
			mainGroup = F3481E4C203B04FA00B68183;
			productRefGroup = F3481E56203B04FA00B68183 /* Products */;
			projectDirPath = "";
			projectRoot = "";
			targets = (
				F3481E54203B04FA00B68183 /* StudioStory */,
				F3481E6B203B04FA00B68183 /* StudioStoryTests */,
				F3481E76203B04FA00B68183 /* StudioStoryUITests */,
			);
		};
/* End PBXProject section */

/* Begin PBXResourcesBuildPhase section */
		F3481E53203B04FA00B68183 /* Resources */ = {
			isa = PBXResourcesBuildPhase;
			buildActionMask = 2147483647;
			files = (
				F3481E66203B04FA00B68183 /* LaunchScreen.storyboard in Resources */,
				F3481E63203B04FA00B68183 /* Assets.xcassets in Resources */,
				F3481E5E203B04FA00B68183 /* Main.storyboard in Resources */,
			);
			runOnlyForDeploymentPostprocessing = 0;
		};
		F3481E6A203B04FA00B68183 /* Resources */ = {
			isa = PBXResourcesBuildPhase;
			buildActionMask = 2147483647;
			files = (
			);
			runOnlyForDeploymentPostprocessing = 0;
		};
		F3481E75203B04FA00B68183 /* Resources */ = {
			isa = PBXResourcesBuildPhase;
			buildActionMask = 2147483647;
			files = (
			);
			runOnlyForDeploymentPostprocessing = 0;
		};
/* End PBXResourcesBuildPhase section */

/* Begin PBXSourcesBuildPhase section */
		F3481E51203B04FA00B68183 /* Sources */ = {
			isa = PBXSourcesBuildPhase;
			buildActionMask = 2147483647;
			files = (
				F3AE53BF203F18DD007FE50D /* GroupsPreviewViewController.swift in Sources */,
				F3481E59203B04FA00B68183 /* AppDelegate.swift in Sources */,
				F3481E8C203B0DD400B68183 /* PhotosPicker.swift in Sources */,
				F38CCE682047039D00200F33 /* Group.swift in Sources */,
				F365DC982044410E003CA1C0 /* PhotoStoryLayout.swift in Sources */,
				F3481E61203B04FA00B68183 /* StudioStory.xcdatamodeld in Sources */,
				F38CCE6B2047046200200F33 /* PhotoStory.swift in Sources */,
				F3AE53C1203F1DAA007FE50D /* GroupPreviewCell.swift in Sources */,
				F3481E8E203C56BB00B68183 /* PhotoPageViewController.swift in Sources */,
				F3481E8A203B0A2F00B68183 /* PhotoStoryCell.swift in Sources */,
				F3481E92203C5C5600B68183 /* PhotoGalleryViewController.swift in Sources */,
				F3481E90203C5C1900B68183 /* PhotoViewController.swift in Sources */,
				F38CCE6D20480EDB00200F33 /* GroupPreviewFlowLayout.swift in Sources */,
				F38CCE662046FE9800200F33 /* EmptyGroupCell.swift in Sources */,
			);
			runOnlyForDeploymentPostprocessing = 0;
		};
		F3481E68203B04FA00B68183 /* Sources */ = {
			isa = PBXSourcesBuildPhase;
			buildActionMask = 2147483647;
			files = (
				F3481E71203B04FA00B68183 /* StudioStoryTests.swift in Sources */,
			);
			runOnlyForDeploymentPostprocessing = 0;
		};
		F3481E73203B04FA00B68183 /* Sources */ = {
			isa = PBXSourcesBuildPhase;
			buildActionMask = 2147483647;
			files = (
				F3481E7C203B04FA00B68183 /* StudioStoryUITests.swift in Sources */,
			);
			runOnlyForDeploymentPostprocessing = 0;
		};
/* End PBXSourcesBuildPhase section */

/* Begin PBXTargetDependency section */
		F3481E6E203B04FA00B68183 /* PBXTargetDependency */ = {
			isa = PBXTargetDependency;
			target = F3481E54203B04FA00B68183 /* StudioStory */;
			targetProxy = F3481E6D203B04FA00B68183 /* PBXContainerItemProxy */;
		};
		F3481E79203B04FA00B68183 /* PBXTargetDependency */ = {
			isa = PBXTargetDependency;
			target = F3481E54203B04FA00B68183 /* StudioStory */;
			targetProxy = F3481E78203B04FA00B68183 /* PBXContainerItemProxy */;
		};
/* End PBXTargetDependency section */

/* Begin PBXVariantGroup section */
		F3481E5C203B04FA00B68183 /* Main.storyboard */ = {
			isa = PBXVariantGroup;
			children = (
				F3481E5D203B04FA00B68183 /* Base */,
			);
			name = Main.storyboard;
			sourceTree = "<group>";
		};
		F3481E64203B04FA00B68183 /* LaunchScreen.storyboard */ = {
			isa = PBXVariantGroup;
			children = (
				F3481E65203B04FA00B68183 /* Base */,
			);
			name = LaunchScreen.storyboard;
			sourceTree = "<group>";
		};
/* End PBXVariantGroup section */

/* Begin XCBuildConfiguration section */
		F3481E7E203B04FA00B68183 /* Debug */ = {
			isa = XCBuildConfiguration;
			buildSettings = {
				ALWAYS_SEARCH_USER_PATHS = NO;
				CLANG_ANALYZER_NONNULL = YES;
				CLANG_ANALYZER_NUMBER_OBJECT_CONVERSION = YES_AGGRESSIVE;
				CLANG_CXX_LANGUAGE_STANDARD = "gnu++14";
				CLANG_CXX_LIBRARY = "libc++";
				CLANG_ENABLE_MODULES = YES;
				CLANG_ENABLE_OBJC_ARC = YES;
				CLANG_WARN_BLOCK_CAPTURE_AUTORELEASING = YES;
				CLANG_WARN_BOOL_CONVERSION = YES;
				CLANG_WARN_COMMA = YES;
				CLANG_WARN_CONSTANT_CONVERSION = YES;
				CLANG_WARN_DIRECT_OBJC_ISA_USAGE = YES_ERROR;
				CLANG_WARN_DOCUMENTATION_COMMENTS = YES;
				CLANG_WARN_EMPTY_BODY = YES;
				CLANG_WARN_ENUM_CONVERSION = YES;
				CLANG_WARN_INFINITE_RECURSION = YES;
				CLANG_WARN_INT_CONVERSION = YES;
				CLANG_WARN_NON_LITERAL_NULL_CONVERSION = YES;
				CLANG_WARN_OBJC_LITERAL_CONVERSION = YES;
				CLANG_WARN_OBJC_ROOT_CLASS = YES_ERROR;
				CLANG_WARN_RANGE_LOOP_ANALYSIS = YES;
				CLANG_WARN_STRICT_PROTOTYPES = YES;
				CLANG_WARN_SUSPICIOUS_MOVE = YES;
				CLANG_WARN_UNGUARDED_AVAILABILITY = YES_AGGRESSIVE;
				CLANG_WARN_UNREACHABLE_CODE = YES;
				CLANG_WARN__DUPLICATE_METHOD_MATCH = YES;
				CODE_SIGN_IDENTITY = "iPhone Developer";
				COPY_PHASE_STRIP = NO;
				DEBUG_INFORMATION_FORMAT = dwarf;
				ENABLE_STRICT_OBJC_MSGSEND = YES;
				ENABLE_TESTABILITY = YES;
				GCC_C_LANGUAGE_STANDARD = gnu11;
				GCC_DYNAMIC_NO_PIC = NO;
				GCC_NO_COMMON_BLOCKS = YES;
				GCC_OPTIMIZATION_LEVEL = 0;
				GCC_PREPROCESSOR_DEFINITIONS = (
					"DEBUG=1",
					"$(inherited)",
				);
				GCC_WARN_64_TO_32_BIT_CONVERSION = YES;
				GCC_WARN_ABOUT_RETURN_TYPE = YES_ERROR;
				GCC_WARN_UNDECLARED_SELECTOR = YES;
				GCC_WARN_UNINITIALIZED_AUTOS = YES_AGGRESSIVE;
				GCC_WARN_UNUSED_FUNCTION = YES;
				GCC_WARN_UNUSED_VARIABLE = YES;
				IPHONEOS_DEPLOYMENT_TARGET = 11.1;
				MTL_ENABLE_DEBUG_INFO = YES;
				ONLY_ACTIVE_ARCH = YES;
				SDKROOT = iphoneos;
				SWIFT_ACTIVE_COMPILATION_CONDITIONS = DEBUG;
				SWIFT_OPTIMIZATION_LEVEL = "-Onone";
			};
			name = Debug;
		};
		F3481E7F203B04FA00B68183 /* Release */ = {
			isa = XCBuildConfiguration;
			buildSettings = {
				ALWAYS_SEARCH_USER_PATHS = NO;
				CLANG_ANALYZER_NONNULL = YES;
				CLANG_ANALYZER_NUMBER_OBJECT_CONVERSION = YES_AGGRESSIVE;
				CLANG_CXX_LANGUAGE_STANDARD = "gnu++14";
				CLANG_CXX_LIBRARY = "libc++";
				CLANG_ENABLE_MODULES = YES;
				CLANG_ENABLE_OBJC_ARC = YES;
				CLANG_WARN_BLOCK_CAPTURE_AUTORELEASING = YES;
				CLANG_WARN_BOOL_CONVERSION = YES;
				CLANG_WARN_COMMA = YES;
				CLANG_WARN_CONSTANT_CONVERSION = YES;
				CLANG_WARN_DIRECT_OBJC_ISA_USAGE = YES_ERROR;
				CLANG_WARN_DOCUMENTATION_COMMENTS = YES;
				CLANG_WARN_EMPTY_BODY = YES;
				CLANG_WARN_ENUM_CONVERSION = YES;
				CLANG_WARN_INFINITE_RECURSION = YES;
				CLANG_WARN_INT_CONVERSION = YES;
				CLANG_WARN_NON_LITERAL_NULL_CONVERSION = YES;
				CLANG_WARN_OBJC_LITERAL_CONVERSION = YES;
				CLANG_WARN_OBJC_ROOT_CLASS = YES_ERROR;
				CLANG_WARN_RANGE_LOOP_ANALYSIS = YES;
				CLANG_WARN_STRICT_PROTOTYPES = YES;
				CLANG_WARN_SUSPICIOUS_MOVE = YES;
				CLANG_WARN_UNGUARDED_AVAILABILITY = YES_AGGRESSIVE;
				CLANG_WARN_UNREACHABLE_CODE = YES;
				CLANG_WARN__DUPLICATE_METHOD_MATCH = YES;
				CODE_SIGN_IDENTITY = "iPhone Developer";
				COPY_PHASE_STRIP = NO;
				DEBUG_INFORMATION_FORMAT = "dwarf-with-dsym";
				ENABLE_NS_ASSERTIONS = NO;
				ENABLE_STRICT_OBJC_MSGSEND = YES;
				GCC_C_LANGUAGE_STANDARD = gnu11;
				GCC_NO_COMMON_BLOCKS = YES;
				GCC_WARN_64_TO_32_BIT_CONVERSION = YES;
				GCC_WARN_ABOUT_RETURN_TYPE = YES_ERROR;
				GCC_WARN_UNDECLARED_SELECTOR = YES;
				GCC_WARN_UNINITIALIZED_AUTOS = YES_AGGRESSIVE;
				GCC_WARN_UNUSED_FUNCTION = YES;
				GCC_WARN_UNUSED_VARIABLE = YES;
				IPHONEOS_DEPLOYMENT_TARGET = 11.1;
				MTL_ENABLE_DEBUG_INFO = NO;
				SDKROOT = iphoneos;
				SWIFT_OPTIMIZATION_LEVEL = "-Owholemodule";
				VALIDATE_PRODUCT = YES;
			};
			name = Release;
		};
		F3481E81203B04FA00B68183 /* Debug */ = {
			isa = XCBuildConfiguration;
			buildSettings = {
				ASSETCATALOG_COMPILER_APPICON_NAME = AppIcon;
				CODE_SIGN_STYLE = Automatic;
				DEVELOPMENT_TEAM = RHZ3PFUG4S;
				INFOPLIST_FILE = StudioStory/Info.plist;
				IPHONEOS_DEPLOYMENT_TARGET = 11.0;
				LD_RUNPATH_SEARCH_PATHS = "$(inherited) @executable_path/Frameworks";
				PRODUCT_BUNDLE_IDENTIFIER = "Shanshan-Zhao.StudioStory";
				PRODUCT_NAME = "$(TARGET_NAME)";
				SWIFT_VERSION = 4.0;
				TARGETED_DEVICE_FAMILY = "1,2";
			};
			name = Debug;
		};
		F3481E82203B04FA00B68183 /* Release */ = {
			isa = XCBuildConfiguration;
			buildSettings = {
				ASSETCATALOG_COMPILER_APPICON_NAME = AppIcon;
				CODE_SIGN_STYLE = Automatic;
				DEVELOPMENT_TEAM = RHZ3PFUG4S;
				INFOPLIST_FILE = StudioStory/Info.plist;
				IPHONEOS_DEPLOYMENT_TARGET = 11.0;
				LD_RUNPATH_SEARCH_PATHS = "$(inherited) @executable_path/Frameworks";
				PRODUCT_BUNDLE_IDENTIFIER = "Shanshan-Zhao.StudioStory";
				PRODUCT_NAME = "$(TARGET_NAME)";
				SWIFT_VERSION = 4.0;
				TARGETED_DEVICE_FAMILY = "1,2";
			};
			name = Release;
		};
		F3481E84203B04FA00B68183 /* Debug */ = {
			isa = XCBuildConfiguration;
			buildSettings = {
				ALWAYS_EMBED_SWIFT_STANDARD_LIBRARIES = YES;
				BUNDLE_LOADER = "$(TEST_HOST)";
				CODE_SIGN_STYLE = Automatic;
				INFOPLIST_FILE = StudioStoryTests/Info.plist;
				LD_RUNPATH_SEARCH_PATHS = "$(inherited) @executable_path/Frameworks @loader_path/Frameworks";
				PRODUCT_BUNDLE_IDENTIFIER = "Shanshan-Zhao.StudioStoryTests";
				PRODUCT_NAME = "$(TARGET_NAME)";
				SWIFT_VERSION = 4.0;
				TARGETED_DEVICE_FAMILY = "1,2";
				TEST_HOST = "$(BUILT_PRODUCTS_DIR)/StudioStory.app/StudioStory";
			};
			name = Debug;
		};
		F3481E85203B04FA00B68183 /* Release */ = {
			isa = XCBuildConfiguration;
			buildSettings = {
				ALWAYS_EMBED_SWIFT_STANDARD_LIBRARIES = YES;
				BUNDLE_LOADER = "$(TEST_HOST)";
				CODE_SIGN_STYLE = Automatic;
				INFOPLIST_FILE = StudioStoryTests/Info.plist;
				LD_RUNPATH_SEARCH_PATHS = "$(inherited) @executable_path/Frameworks @loader_path/Frameworks";
				PRODUCT_BUNDLE_IDENTIFIER = "Shanshan-Zhao.StudioStoryTests";
				PRODUCT_NAME = "$(TARGET_NAME)";
				SWIFT_VERSION = 4.0;
				TARGETED_DEVICE_FAMILY = "1,2";
				TEST_HOST = "$(BUILT_PRODUCTS_DIR)/StudioStory.app/StudioStory";
			};
			name = Release;
		};
		F3481E87203B04FA00B68183 /* Debug */ = {
			isa = XCBuildConfiguration;
			buildSettings = {
				ALWAYS_EMBED_SWIFT_STANDARD_LIBRARIES = YES;
				CODE_SIGN_STYLE = Automatic;
				INFOPLIST_FILE = StudioStoryUITests/Info.plist;
				LD_RUNPATH_SEARCH_PATHS = "$(inherited) @executable_path/Frameworks @loader_path/Frameworks";
				PRODUCT_BUNDLE_IDENTIFIER = "Shanshan-Zhao.StudioStoryUITests";
				PRODUCT_NAME = "$(TARGET_NAME)";
				SWIFT_VERSION = 4.0;
				TARGETED_DEVICE_FAMILY = "1,2";
				TEST_TARGET_NAME = StudioStory;
			};
			name = Debug;
		};
		F3481E88203B04FA00B68183 /* Release */ = {
			isa = XCBuildConfiguration;
			buildSettings = {
				ALWAYS_EMBED_SWIFT_STANDARD_LIBRARIES = YES;
				CODE_SIGN_STYLE = Automatic;
				INFOPLIST_FILE = StudioStoryUITests/Info.plist;
				LD_RUNPATH_SEARCH_PATHS = "$(inherited) @executable_path/Frameworks @loader_path/Frameworks";
				PRODUCT_BUNDLE_IDENTIFIER = "Shanshan-Zhao.StudioStoryUITests";
				PRODUCT_NAME = "$(TARGET_NAME)";
				SWIFT_VERSION = 4.0;
				TARGETED_DEVICE_FAMILY = "1,2";
				TEST_TARGET_NAME = StudioStory;
			};
			name = Release;
		};
/* End XCBuildConfiguration section */

/* Begin XCConfigurationList section */
		F3481E50203B04FA00B68183 /* Build configuration list for PBXProject "StudioStory" */ = {
			isa = XCConfigurationList;
			buildConfigurations = (
				F3481E7E203B04FA00B68183 /* Debug */,
				F3481E7F203B04FA00B68183 /* Release */,
			);
			defaultConfigurationIsVisible = 0;
			defaultConfigurationName = Release;
		};
		F3481E80203B04FA00B68183 /* Build configuration list for PBXNativeTarget "StudioStory" */ = {
			isa = XCConfigurationList;
			buildConfigurations = (
				F3481E81203B04FA00B68183 /* Debug */,
				F3481E82203B04FA00B68183 /* Release */,
			);
			defaultConfigurationIsVisible = 0;
			defaultConfigurationName = Release;
		};
		F3481E83203B04FA00B68183 /* Build configuration list for PBXNativeTarget "StudioStoryTests" */ = {
			isa = XCConfigurationList;
			buildConfigurations = (
				F3481E84203B04FA00B68183 /* Debug */,
				F3481E85203B04FA00B68183 /* Release */,
			);
			defaultConfigurationIsVisible = 0;
			defaultConfigurationName = Release;
		};
		F3481E86203B04FA00B68183 /* Build configuration list for PBXNativeTarget "StudioStoryUITests" */ = {
			isa = XCConfigurationList;
			buildConfigurations = (
				F3481E87203B04FA00B68183 /* Debug */,
				F3481E88203B04FA00B68183 /* Release */,
			);
			defaultConfigurationIsVisible = 0;
			defaultConfigurationName = Release;
		};
/* End XCConfigurationList section */

/* Begin XCVersionGroup section */
		F3481E5F203B04FA00B68183 /* StudioStory.xcdatamodeld */ = {
			isa = XCVersionGroup;
			children = (
				F3481E60203B04FA00B68183 /* StudioStory.xcdatamodel */,
			);
			currentVersion = F3481E60203B04FA00B68183 /* StudioStory.xcdatamodel */;
			path = StudioStory.xcdatamodeld;
			sourceTree = "<group>";
			versionGroupType = wrapper.xcdatamodel;
		};
/* End XCVersionGroup section */
	};
	rootObject = F3481E4D203B04FA00B68183 /* Project object */;
}
